
Microsoft Visual Studio Solution File, Format Version 12.00
# Visual Studio Version 17
VisualStudioVersion = 17.2.32516.85
MinimumVisualStudioVersion = 10.0.40219.1
Project("{FAE04EC0-301F-11D3-BF4B-00C04F79EFBC}") = "DI_Demo", "DI_Demo\DI_Demo.csproj", "{05ADD485-650C-4C01-88E8-F766B2403136}"
EndProject
Global
	GlobalSection(SolutionConfigurationPlatforms) = preSolution
		Debug|Any CPU = Debug|Any CPU
		Release|Any CPU = Release|Any CPU
	EndGlobalSection
	GlobalSection(ProjectConfigurationPlatforms) = postSolution
		{05ADD485-650C-4C01-88E8-F766B2403136}.Debug|Any CPU.ActiveCfg = Debug|Any CPU
		{05ADD485-650C-4C01-88E8-F766B2403136}.Debug|Any CPU.Build.0 = Debug|Any CPU
		{05ADD485-650C-4C01-88E8-F766B2403136}.Release|Any CPU.ActiveCfg = Release|Any CPU
		{05ADD485-650C-4C01-88E8-F766B2403136}.Release|Any CPU.Build.0 = Release|Any CPU
	EndGlobalSection
	GlobalSection(SolutionProperties) = preSolution
		HideSolutionNode = FALSE
	EndGlobalSection
	GlobalSection(ExtensibilityGlobals) = postSolution
		SolutionGuid = {9E772579-E235-4995-B51E-908B04754C20}
	EndGlobalSection
EndGlobal
